// !$*UTF8*$!
{
	archiveVersion = 1;
	classes = {
	};
	objectVersion = 50;
	objects = {

/* Begin PBXBuildFile section */
		8659084E26863FA7000D3885 /* AppDelegate.swift in Sources */ = {isa = PBXBuildFile; fileRef = 8659084D26863FA7000D3885 /* AppDelegate.swift */; };
		8659085226863FA7000D3885 /* ViewController.swift in Sources */ = {isa = PBXBuildFile; fileRef = 8659085126863FA7000D3885 /* ViewController.swift */; };
		8659085526863FA7000D3885 /* Main.storyboard in Resources */ = {isa = PBXBuildFile; fileRef = 8659085326863FA7000D3885 /* Main.storyboard */; };
		8659085826863FA7000D3885 /* CoreDataApp.xcdatamodeld in Sources */ = {isa = PBXBuildFile; fileRef = 8659085626863FA7000D3885 /* CoreDataApp.xcdatamodeld */; };
		8659085A26863FA8000D3885 /* Assets.xcassets in Resources */ = {isa = PBXBuildFile; fileRef = 8659085926863FA8000D3885 /* Assets.xcassets */; };
		8659085D26863FA8000D3885 /* LaunchScreen.storyboard in Resources */ = {isa = PBXBuildFile; fileRef = 8659085B26863FA8000D3885 /* LaunchScreen.storyboard */; };
		8659086826863FA8000D3885 /* CoreDataAppTests.swift in Sources */ = {isa = PBXBuildFile; fileRef = 8659086726863FA8000D3885 /* CoreDataAppTests.swift */; };
		8659088226864103000D3885 /* FakeCoreDataStack.swift in Sources */ = {isa = PBXBuildFile; fileRef = 8659088126864103000D3885 /* FakeCoreDataStack.swift */; };
		865908872686414D000D3885 /* Recipe.swift in Sources */ = {isa = PBXBuildFile; fileRef = 865908862686414D000D3885 /* Recipe.swift */; };
		8659088A2686428C000D3885 /* CoreDataStack.swift in Sources */ = {isa = PBXBuildFile; fileRef = 865908892686428C000D3885 /* CoreDataStack.swift */; };
		8659088C26864D9F000D3885 /* RecipeService.swift in Sources */ = {isa = PBXBuildFile; fileRef = 8659088B26864D9F000D3885 /* RecipeService.swift */; };
/* End PBXBuildFile section */

/* Begin PBXContainerItemProxy section */
		8659086426863FA8000D3885 /* PBXContainerItemProxy */ = {
			isa = PBXContainerItemProxy;
			containerPortal = 8659084226863FA7000D3885 /* Project object */;
			proxyType = 1;
			remoteGlobalIDString = 8659084926863FA7000D3885;
			remoteInfo = CoreDataApp;
		};
/* End PBXContainerItemProxy section */

/* Begin PBXFileReference section */
		8659084A26863FA7000D3885 /* CoreDataApp.app */ = {isa = PBXFileReference; explicitFileType = wrapper.application; includeInIndex = 0; path = CoreDataApp.app; sourceTree = BUILT_PRODUCTS_DIR; };
		8659084D26863FA7000D3885 /* AppDelegate.swift */ = {isa = PBXFileReference; lastKnownFileType = sourcecode.swift; path = AppDelegate.swift; sourceTree = "<group>"; };
		8659085126863FA7000D3885 /* ViewController.swift */ = {isa = PBXFileReference; lastKnownFileType = sourcecode.swift; path = ViewController.swift; sourceTree = "<group>"; };
		8659085426863FA7000D3885 /* Base */ = {isa = PBXFileReference; lastKnownFileType = file.storyboard; name = Base; path = Base.lproj/Main.storyboard; sourceTree = "<group>"; };
		8659085726863FA7000D3885 /* CoreDataApp.xcdatamodel */ = {isa = PBXFileReference; lastKnownFileType = wrapper.xcdatamodel; path = CoreDataApp.xcdatamodel; sourceTree = "<group>"; };
		8659085926863FA8000D3885 /* Assets.xcassets */ = {isa = PBXFileReference; lastKnownFileType = folder.assetcatalog; path = Assets.xcassets; sourceTree = "<group>"; };
		8659085C26863FA8000D3885 /* Base */ = {isa = PBXFileReference; lastKnownFileType = file.storyboard; name = Base; path = Base.lproj/LaunchScreen.storyboard; sourceTree = "<group>"; };
		8659085E26863FA8000D3885 /* Info.plist */ = {isa = PBXFileReference; lastKnownFileType = text.plist.xml; path = Info.plist; sourceTree = "<group>"; };
		8659086326863FA8000D3885 /* CoreDataAppTests.xctest */ = {isa = PBXFileReference; explicitFileType = wrapper.cfbundle; includeInIndex = 0; path = CoreDataAppTests.xctest; sourceTree = BUILT_PRODUCTS_DIR; };
		8659086726863FA8000D3885 /* CoreDataAppTests.swift */ = {isa = PBXFileReference; lastKnownFileType = sourcecode.swift; path = CoreDataAppTests.swift; sourceTree = "<group>"; };
		8659086926863FA8000D3885 /* Info.plist */ = {isa = PBXFileReference; lastKnownFileType = text.plist.xml; path = Info.plist; sourceTree = "<group>"; };
		8659088126864103000D3885 /* FakeCoreDataStack.swift */ = {isa = PBXFileReference; lastKnownFileType = sourcecode.swift; path = FakeCoreDataStack.swift; sourceTree = "<group>"; };
		865908862686414D000D3885 /* Recipe.swift */ = {isa = PBXFileReference; lastKnownFileType = sourcecode.swift; path = Recipe.swift; sourceTree = "<group>"; };
		865908892686428C000D3885 /* CoreDataStack.swift */ = {isa = PBXFileReference; lastKnownFileType = sourcecode.swift; path = CoreDataStack.swift; sourceTree = "<group>"; };
		8659088B26864D9F000D3885 /* RecipeService.swift */ = {isa = PBXFileReference; lastKnownFileType = sourcecode.swift; path = RecipeService.swift; sourceTree = "<group>"; };
/* End PBXFileReference section */

/* Begin PBXFrameworksBuildPhase section */
		8659084726863FA7000D3885 /* Frameworks */ = {
			isa = PBXFrameworksBuildPhase;
			buildActionMask = 2147483647;
			files = (
			);
			runOnlyForDeploymentPostprocessing = 0;
		};
		8659086026863FA8000D3885 /* Frameworks */ = {
			isa = PBXFrameworksBuildPhase;
			buildActionMask = 2147483647;
			files = (
			);
			runOnlyForDeploymentPostprocessing = 0;
		};
/* End PBXFrameworksBuildPhase section */

/* Begin PBXGroup section */
		8659084126863FA7000D3885 = {
			isa = PBXGroup;
			children = (
				8659084C26863FA7000D3885 /* CoreDataApp */,
				8659086626863FA8000D3885 /* CoreDataAppTests */,
				8659084B26863FA7000D3885 /* Products */,
			);
			sourceTree = "<group>";
		};
		8659084B26863FA7000D3885 /* Products */ = {
			isa = PBXGroup;
			children = (
				8659084A26863FA7000D3885 /* CoreDataApp.app */,
				8659086326863FA8000D3885 /* CoreDataAppTests.xctest */,
			);
			name = Products;
			sourceTree = "<group>";
		};
		8659084C26863FA7000D3885 /* CoreDataApp */ = {
			isa = PBXGroup;
			children = (
				8659088426864133000D3885 /* Model */,
				8659088526864138000D3885 /* Controller */,
				865908832686412B000D3885 /* Support */,
				8659085E26863FA8000D3885 /* Info.plist */,
			);
			path = CoreDataApp;
			sourceTree = "<group>";
		};
		8659086626863FA8000D3885 /* CoreDataAppTests */ = {
			isa = PBXGroup;
			children = (
				8659086726863FA8000D3885 /* CoreDataAppTests.swift */,
				8659086926863FA8000D3885 /* Info.plist */,
				8659088126864103000D3885 /* FakeCoreDataStack.swift */,
			);
			path = CoreDataAppTests;
			sourceTree = "<group>";
		};
		865908832686412B000D3885 /* Support */ = {
			isa = PBXGroup;
			children = (
				8659084D26863FA7000D3885 /* AppDelegate.swift */,
				8659085326863FA7000D3885 /* Main.storyboard */,
				8659085926863FA8000D3885 /* Assets.xcassets */,
				8659085B26863FA8000D3885 /* LaunchScreen.storyboard */,
			);
			path = Support;
			sourceTree = "<group>";
		};
		8659088426864133000D3885 /* Model */ = {
			isa = PBXGroup;
			children = (
				8659085626863FA7000D3885 /* CoreDataApp.xcdatamodeld */,
				865908862686414D000D3885 /* Recipe.swift */,
				865908892686428C000D3885 /* CoreDataStack.swift */,
				8659088B26864D9F000D3885 /* RecipeService.swift */,
			);
			path = Model;
			sourceTree = "<group>";
		};
		8659088526864138000D3885 /* Controller */ = {
			isa = PBXGroup;
			children = (
				8659085126863FA7000D3885 /* ViewController.swift */,
			);
			path = Controller;
			sourceTree = "<group>";
		};
/* End PBXGroup section */

/* Begin PBXNativeTarget section */
		8659084926863FA7000D3885 /* CoreDataApp */ = {
			isa = PBXNativeTarget;
			buildConfigurationList = 8659087726863FA8000D3885 /* Build configuration list for PBXNativeTarget "CoreDataApp" */;
			buildPhases = (
				8659084626863FA7000D3885 /* Sources */,
				8659084726863FA7000D3885 /* Frameworks */,
				8659084826863FA7000D3885 /* Resources */,
			);
			buildRules = (
			);
			dependencies = (
			);
			name = CoreDataApp;
			productName = CoreDataApp;
			productReference = 8659084A26863FA7000D3885 /* CoreDataApp.app */;
			productType = "com.apple.product-type.application";
		};
		8659086226863FA8000D3885 /* CoreDataAppTests */ = {
			isa = PBXNativeTarget;
			buildConfigurationList = 8659087A26863FA8000D3885 /* Build configuration list for PBXNativeTarget "CoreDataAppTests" */;
			buildPhases = (
				8659085F26863FA8000D3885 /* Sources */,
				8659086026863FA8000D3885 /* Frameworks */,
				8659086126863FA8000D3885 /* Resources */,
			);
			buildRules = (
			);
			dependencies = (
				8659086526863FA8000D3885 /* PBXTargetDependency */,
			);
			name = CoreDataAppTests;
			productName = CoreDataAppTests;
			productReference = 8659086326863FA8000D3885 /* CoreDataAppTests.xctest */;
			productType = "com.apple.product-type.bundle.unit-test";
		};
/* End PBXNativeTarget section */

/* Begin PBXProject section */
		8659084226863FA7000D3885 /* Project object */ = {
			isa = PBXProject;
			attributes = {
				LastSwiftUpdateCheck = 1250;
				LastUpgradeCheck = 1250;
				TargetAttributes = {
					8659084926863FA7000D3885 = {
						CreatedOnToolsVersion = 12.5;
					};
					8659086226863FA8000D3885 = {
						CreatedOnToolsVersion = 12.5;
						TestTargetID = 8659084926863FA7000D3885;
					};
				};
			};
			buildConfigurationList = 8659084526863FA7000D3885 /* Build configuration list for PBXProject "CoreDataApp" */;
			compatibilityVersion = "Xcode 9.3";
			developmentRegion = en;
			hasScannedForEncodings = 0;
			knownRegions = (
				en,
				Base,
			);
			mainGroup = 8659084126863FA7000D3885;
			productRefGroup = 8659084B26863FA7000D3885 /* Products */;
			projectDirPath = "";
			projectRoot = "";
			targets = (
				8659084926863FA7000D3885 /* CoreDataApp */,
				8659086226863FA8000D3885 /* CoreDataAppTests */,
			);
		};
/* End PBXProject section */

/* Begin PBXResourcesBuildPhase section */
		8659084826863FA7000D3885 /* Resources */ = {
			isa = PBXResourcesBuildPhase;
			buildActionMask = 2147483647;
			files = (
				8659085D26863FA8000D3885 /* LaunchScreen.storyboard in Resources */,
				8659085A26863FA8000D3885 /* Assets.xcassets in Resources */,
				8659085526863FA7000D3885 /* Main.storyboard in Resources */,
			);
			runOnlyForDeploymentPostprocessing = 0;
		};
		8659086126863FA8000D3885 /* Resources */ = {
			isa = PBXResourcesBuildPhase;
			buildActionMask = 2147483647;
			files = (
			);
			runOnlyForDeploymentPostprocessing = 0;
		};
/* End PBXResourcesBuildPhase section */

/* Begin PBXSourcesBuildPhase section */
		8659084626863FA7000D3885 /* Sources */ = {
			isa = PBXSourcesBuildPhase;
			buildActionMask = 2147483647;
			files = (
				8659085826863FA7000D3885 /* CoreDataApp.xcdatamodeld in Sources */,
				8659088C26864D9F000D3885 /* RecipeService.swift in Sources */,
				8659085226863FA7000D3885 /* ViewController.swift in Sources */,
				8659088A2686428C000D3885 /* CoreDataStack.swift in Sources */,
				8659084E26863FA7000D3885 /* AppDelegate.swift in Sources */,
				865908872686414D000D3885 /* Recipe.swift in Sources */,
			);
			runOnlyForDeploymentPostprocessing = 0;
		};
		8659085F26863FA8000D3885 /* Sources */ = {
			isa = PBXSourcesBuildPhase;
			buildActionMask = 2147483647;
			files = (
				8659088226864103000D3885 /* FakeCoreDataStack.swift in Sources */,
				8659086826863FA8000D3885 /* CoreDataAppTests.swift in Sources */,
			);
			runOnlyForDeploymentPostprocessing = 0;
		};
/* End PBXSourcesBuildPhase section */

/* Begin PBXTargetDependency section */
		8659086526863FA8000D3885 /* PBXTargetDependency */ = {
			isa = PBXTargetDependency;
			target = 8659084926863FA7000D3885 /* CoreDataApp */;
			targetProxy = 8659086426863FA8000D3885 /* PBXContainerItemProxy */;
		};
/* End PBXTargetDependency section */

/* Begin PBXVariantGroup section */
		8659085326863FA7000D3885 /* Main.storyboard */ = {
			isa = PBXVariantGroup;
			children = (
				8659085426863FA7000D3885 /* Base */,
			);
			name = Main.storyboard;
			sourceTree = "<group>";
		};
		8659085B26863FA8000D3885 /* LaunchScreen.storyboard */ = {
			isa = PBXVariantGroup;
			children = (
				8659085C26863FA8000D3885 /* Base */,
			);
			name = LaunchScreen.storyboard;
			sourceTree = "<group>";
		};
/* End PBXVariantGroup section */

/* Begin XCBuildConfiguration section */
		8659087526863FA8000D3885 /* Debug */ = {
			isa = XCBuildConfiguration;
			buildSettings = {
				ALWAYS_SEARCH_USER_PATHS = NO;
				CLANG_ANALYZER_NONNULL = YES;
				CLANG_ANALYZER_NUMBER_OBJECT_CONVERSION = YES_AGGRESSIVE;
				CLANG_CXX_LANGUAGE_STANDARD = "gnu++14";
				CLANG_CXX_LIBRARY = "libc++";
				CLANG_ENABLE_MODULES = YES;
				CLANG_ENABLE_OBJC_ARC = YES;
				CLANG_ENABLE_OBJC_WEAK = YES;
				CLANG_WARN_BLOCK_CAPTURE_AUTORELEASING = YES;
				CLANG_WARN_BOOL_CONVERSION = YES;
				CLANG_WARN_COMMA = YES;
				CLANG_WARN_CONSTANT_CONVERSION = YES;
				CLANG_WARN_DEPRECATED_OBJC_IMPLEMENTATIONS = YES;
				CLANG_WARN_DIRECT_OBJC_ISA_USAGE = YES_ERROR;
				CLANG_WARN_DOCUMENTATION_COMMENTS = YES;
				CLANG_WARN_EMPTY_BODY = YES;
				CLANG_WARN_ENUM_CONVERSION = YES;
				CLANG_WARN_INFINITE_RECURSION = YES;
				CLANG_WARN_INT_CONVERSION = YES;
				CLANG_WARN_NON_LITERAL_NULL_CONVERSION = YES;
				CLANG_WARN_OBJC_IMPLICIT_RETAIN_SELF = YES;
				CLANG_WARN_OBJC_LITERAL_CONVERSION = YES;
				CLANG_WARN_OBJC_ROOT_CLASS = YES_ERROR;
				CLANG_WARN_QUOTED_INCLUDE_IN_FRAMEWORK_HEADER = YES;
				CLANG_WARN_RANGE_LOOP_ANALYSIS = YES;
				CLANG_WARN_STRICT_PROTOTYPES = YES;
				CLANG_WARN_SUSPICIOUS_MOVE = YES;
				CLANG_WARN_UNGUARDED_AVAILABILITY = YES_AGGRESSIVE;
				CLANG_WARN_UNREACHABLE_CODE = YES;
				CLANG_WARN__DUPLICATE_METHOD_MATCH = YES;
				COPY_PHASE_STRIP = NO;
				DEBUG_INFORMATION_FORMAT = dwarf;
				ENABLE_STRICT_OBJC_MSGSEND = YES;
				ENABLE_TESTABILITY = YES;
				GCC_C_LANGUAGE_STANDARD = gnu11;
				GCC_DYNAMIC_NO_PIC = NO;
				GCC_NO_COMMON_BLOCKS = YES;
				GCC_OPTIMIZATION_LEVEL = 0;
				GCC_PREPROCESSOR_DEFINITIONS = (
					"DEBUG=1",
					"$(inherited)",
				);
				GCC_WARN_64_TO_32_BIT_CONVERSION = YES;
				GCC_WARN_ABOUT_RETURN_TYPE = YES_ERROR;
				GCC_WARN_UNDECLARED_SELECTOR = YES;
				GCC_WARN_UNINITIALIZED_AUTOS = YES_AGGRESSIVE;
				GCC_WARN_UNUSED_FUNCTION = YES;
				GCC_WARN_UNUSED_VARIABLE = YES;
				IPHONEOS_DEPLOYMENT_TARGET = 14.5;
				MTL_ENABLE_DEBUG_INFO = INCLUDE_SOURCE;
				MTL_FAST_MATH = YES;
				ONLY_ACTIVE_ARCH = YES;
				SDKROOT = iphoneos;
				SWIFT_ACTIVE_COMPILATION_CONDITIONS = DEBUG;
				SWIFT_OPTIMIZATION_LEVEL = "-Onone";
			};
			name = Debug;
		};
		8659087626863FA8000D3885 /* Release */ = {
			isa = XCBuildConfiguration;
			buildSettings = {
				ALWAYS_SEARCH_USER_PATHS = NO;
				CLANG_ANALYZER_NONNULL = YES;
				CLANG_ANALYZER_NUMBER_OBJECT_CONVERSION = YES_AGGRESSIVE;
				CLANG_CXX_LANGUAGE_STANDARD = "gnu++14";
				CLANG_CXX_LIBRARY = "libc++";
				CLANG_ENABLE_MODULES = YES;
				CLANG_ENABLE_OBJC_ARC = YES;
				CLANG_ENABLE_OBJC_WEAK = YES;
				CLANG_WARN_BLOCK_CAPTURE_AUTORELEASING = YES;
				CLANG_WARN_BOOL_CONVERSION = YES;
				CLANG_WARN_COMMA = YES;
				CLANG_WARN_CONSTANT_CONVERSION = YES;
				CLANG_WARN_DEPRECATED_OBJC_IMPLEMENTATIONS = YES;
				CLANG_WARN_DIRECT_OBJC_ISA_USAGE = YES_ERROR;
				CLANG_WARN_DOCUMENTATION_COMMENTS = YES;
				CLANG_WARN_EMPTY_BODY = YES;
				CLANG_WARN_ENUM_CONVERSION = YES;
				CLANG_WARN_INFINITE_RECURSION = YES;
				CLANG_WARN_INT_CONVERSION = YES;
				CLANG_WARN_NON_LITERAL_NULL_CONVERSION = YES;
				CLANG_WARN_OBJC_IMPLICIT_RETAIN_SELF = YES;
				CLANG_WARN_OBJC_LITERAL_CONVERSION = YES;
				CLANG_WARN_OBJC_ROOT_CLASS = YES_ERROR;
				CLANG_WARN_QUOTED_INCLUDE_IN_FRAMEWORK_HEADER = YES;
				CLANG_WARN_RANGE_LOOP_ANALYSIS = YES;
				CLANG_WARN_STRICT_PROTOTYPES = YES;
				CLANG_WARN_SUSPICIOUS_MOVE = YES;
				CLANG_WARN_UNGUARDED_AVAILABILITY = YES_AGGRESSIVE;
				CLANG_WARN_UNREACHABLE_CODE = YES;
				CLANG_WARN__DUPLICATE_METHOD_MATCH = YES;
				COPY_PHASE_STRIP = NO;
				DEBUG_INFORMATION_FORMAT = "dwarf-with-dsym";
				ENABLE_NS_ASSERTIONS = NO;
				ENABLE_STRICT_OBJC_MSGSEND = YES;
				GCC_C_LANGUAGE_STANDARD = gnu11;
				GCC_NO_COMMON_BLOCKS = YES;
				GCC_WARN_64_TO_32_BIT_CONVERSION = YES;
				GCC_WARN_ABOUT_RETURN_TYPE = YES_ERROR;
				GCC_WARN_UNDECLARED_SELECTOR = YES;
				GCC_WARN_UNINITIALIZED_AUTOS = YES_AGGRESSIVE;
				GCC_WARN_UNUSED_FUNCTION = YES;
				GCC_WARN_UNUSED_VARIABLE = YES;
				IPHONEOS_DEPLOYMENT_TARGET = 14.5;
				MTL_ENABLE_DEBUG_INFO = NO;
				MTL_FAST_MATH = YES;
				SDKROOT = iphoneos;
				SWIFT_COMPILATION_MODE = wholemodule;
				SWIFT_OPTIMIZATION_LEVEL = "-O";
				VALIDATE_PRODUCT = YES;
			};
			name = Release;
		};
		8659087826863FA8000D3885 /* Debug */ = {
			isa = XCBuildConfiguration;
			buildSettings = {
				ASSETCATALOG_COMPILER_APPICON_NAME = AppIcon;
				ASSETCATALOG_COMPILER_GLOBAL_ACCENT_COLOR_NAME = AccentColor;
				CODE_SIGN_STYLE = Automatic;
				DEVELOPMENT_TEAM = N96T5K2D2H;
				INFOPLIST_FILE = CoreDataApp/Info.plist;
				LD_RUNPATH_SEARCH_PATHS = (
					"$(inherited)",
					"@executable_path/Frameworks",
				);
				PRODUCT_BUNDLE_IDENTIFIER = oriapy.CoreDataApp;
				PRODUCT_NAME = "$(TARGET_NAME)";
				SWIFT_VERSION = 5.0;
				TARGETED_DEVICE_FAMILY = "1,2";
			};
			name = Debug;
		};
		8659087926863FA8000D3885 /* Release */ = {
			isa = XCBuildConfiguration;
			buildSettings = {
				ASSETCATALOG_COMPILER_APPICON_NAME = AppIcon;
				ASSETCATALOG_COMPILER_GLOBAL_ACCENT_COLOR_NAME = AccentColor;
				CODE_SIGN_STYLE = Automatic;
				DEVELOPMENT_TEAM = N96T5K2D2H;
				INFOPLIST_FILE = CoreDataApp/Info.plist;
				LD_RUNPATH_SEARCH_PATHS = (
					"$(inherited)",
					"@executable_path/Frameworks",
				);
				PRODUCT_BUNDLE_IDENTIFIER = oriapy.CoreDataApp;
				PRODUCT_NAME = "$(TARGET_NAME)";
				SWIFT_VERSION = 5.0;
				TARGETED_DEVICE_FAMILY = "1,2";
			};
			name = Release;
		};
		8659087B26863FA8000D3885 /* Debug */ = {
			isa = XCBuildConfiguration;
			buildSettings = {
				ALWAYS_EMBED_SWIFT_STANDARD_LIBRARIES = YES;
				BUNDLE_LOADER = "$(TEST_HOST)";
				CODE_SIGN_STYLE = Automatic;
				DEVELOPMENT_TEAM = N96T5K2D2H;
				INFOPLIST_FILE = CoreDataAppTests/Info.plist;
				IPHONEOS_DEPLOYMENT_TARGET = 14.5;
				LD_RUNPATH_SEARCH_PATHS = (
					"$(inherited)",
					"@executable_path/Frameworks",
					"@loader_path/Frameworks",
				);
				PRODUCT_BUNDLE_IDENTIFIER = oriapy.CoreDataAppTests;
				PRODUCT_NAME = "$(TARGET_NAME)";
				SWIFT_VERSION = 5.0;
				TARGETED_DEVICE_FAMILY = "1,2";
				TEST_HOST = "$(BUILT_PRODUCTS_DIR)/CoreDataApp.app/CoreDataApp";
			};
			name = Debug;
		};
		8659087C26863FA8000D3885 /* Release */ = {
			isa = XCBuildConfiguration;
			buildSettings = {
				ALWAYS_EMBED_SWIFT_STANDARD_LIBRARIES = YES;
				BUNDLE_LOADER = "$(TEST_HOST)";
				CODE_SIGN_STYLE = Automatic;
				DEVELOPMENT_TEAM = N96T5K2D2H;
				INFOPLIST_FILE = CoreDataAppTests/Info.plist;
				IPHONEOS_DEPLOYMENT_TARGET = 14.5;
				LD_RUNPATH_SEARCH_PATHS = (
					"$(inherited)",
					"@executable_path/Frameworks",
					"@loader_path/Frameworks",
				);
				PRODUCT_BUNDLE_IDENTIFIER = oriapy.CoreDataAppTests;
				PRODUCT_NAME = "$(TARGET_NAME)";
				SWIFT_VERSION = 5.0;
				TARGETED_DEVICE_FAMILY = "1,2";
				TEST_HOST = "$(BUILT_PRODUCTS_DIR)/CoreDataApp.app/CoreDataApp";
			};
			name = Release;
		};
/* End XCBuildConfiguration section */

/* Begin XCConfigurationList section */
		8659084526863FA7000D3885 /* Build configuration list for PBXProject "CoreDataApp" */ = {
			isa = XCConfigurationList;
			buildConfigurations = (
				8659087526863FA8000D3885 /* Debug */,
				8659087626863FA8000D3885 /* Release */,
			);
			defaultConfigurationIsVisible = 0;
			defaultConfigurationName = Release;
		};
		8659087726863FA8000D3885 /* Build configuration list for PBXNativeTarget "CoreDataApp" */ = {
			isa = XCConfigurationList;
			buildConfigurations = (
				8659087826863FA8000D3885 /* Debug */,
				8659087926863FA8000D3885 /* Release */,
			);
			defaultConfigurationIsVisible = 0;
			defaultConfigurationName = Release;
		};
		8659087A26863FA8000D3885 /* Build configuration list for PBXNativeTarget "CoreDataAppTests" */ = {
			isa = XCConfigurationList;
			buildConfigurations = (
				8659087B26863FA8000D3885 /* Debug */,
				8659087C26863FA8000D3885 /* Release */,
			);
			defaultConfigurationIsVisible = 0;
			defaultConfigurationName = Release;
		};
/* End XCConfigurationList section */

/* Begin XCVersionGroup section */
		8659085626863FA7000D3885 /* CoreDataApp.xcdatamodeld */ = {
			isa = XCVersionGroup;
			children = (
				8659085726863FA7000D3885 /* CoreDataApp.xcdatamodel */,
			);
			currentVersion = 8659085726863FA7000D3885 /* CoreDataApp.xcdatamodel */;
			path = CoreDataApp.xcdatamodeld;
			sourceTree = "<group>";
			versionGroupType = wrapper.xcdatamodel;
		};
/* End XCVersionGroup section */
	};
	rootObject = 8659084226863FA7000D3885 /* Project object */;
}
